
Microsoft Visual Studio Solution File, Format Version 12.00
# Visual Studio Version 17
VisualStudioVersion = 17.12.35728.132 d17.12
MinimumVisualStudioVersion = 10.0.40219.1
Project("{FAE04EC0-301F-11D3-BF4B-00C04F79EFBC}") = "ASP_NET_Core_HW1", "ASP_NET_Core_HW1\ASP_NET_Core_HW1.csproj", "{B436D92D-E117-4008-8FCE-A57A5236B487}"
EndProject
Global
	GlobalSection(SolutionConfigurationPlatforms) = preSolution
		Debug|Any CPU = Debug|Any CPU
		Release|Any CPU = Release|Any CPU
	EndGlobalSection
	GlobalSection(ProjectConfigurationPlatforms) = postSolution
		{B436D92D-E117-4008-8FCE-A57A5236B487}.Debug|Any CPU.ActiveCfg = Debug|Any CPU
		{B436D92D-E117-4008-8FCE-A57A5236B487}.Debug|Any CPU.Build.0 = Debug|Any CPU
		{B436D92D-E117-4008-8FCE-A57A5236B487}.Release|Any CPU.ActiveCfg = Release|Any CPU
		{B436D92D-E117-4008-8FCE-A57A5236B487}.Release|Any CPU.Build.0 = Release|Any CPU
	EndGlobalSection
	GlobalSection(SolutionProperties) = preSolution
		HideSolutionNode = FALSE
	EndGlobalSection
EndGlobal
