
Microsoft Visual Studio Solution File, Format Version 12.00
# Visual Studio Version 17
VisualStudioVersion = 17.11.35222.181
MinimumVisualStudioVersion = 10.0.40219.1
Project("{FAE04EC0-301F-11D3-BF4B-00C04F79EFBC}") = "HomeworkCSharp", "HomeworkCSharp\HomeworkCSharp.csproj", "{D8C02296-AADE-4FA3-A45B-C8E4CC1654DD}"
EndProject
Global
	GlobalSection(SolutionConfigurationPlatforms) = preSolution
		Debug|Any CPU = Debug|Any CPU
		Release|Any CPU = Release|Any CPU
	EndGlobalSection
	GlobalSection(ProjectConfigurationPlatforms) = postSolution
		{D8C02296-AADE-4FA3-A45B-C8E4CC1654DD}.Debug|Any CPU.ActiveCfg = Debug|Any CPU
		{D8C02296-AADE-4FA3-A45B-C8E4CC1654DD}.Debug|Any CPU.Build.0 = Debug|Any CPU
		{D8C02296-AADE-4FA3-A45B-C8E4CC1654DD}.Release|Any CPU.ActiveCfg = Release|Any CPU
		{D8C02296-AADE-4FA3-A45B-C8E4CC1654DD}.Release|Any CPU.Build.0 = Release|Any CPU
	EndGlobalSection
	GlobalSection(SolutionProperties) = preSolution
		HideSolutionNode = FALSE
	EndGlobalSection
	GlobalSection(ExtensibilityGlobals) = postSolution
		SolutionGuid = {0BBEC103-06F5-4827-AC50-8E9B1D054C19}
	EndGlobalSection
EndGlobal
