
Microsoft Visual Studio Solution File, Format Version 12.00
# Visual Studio Version 17
VisualStudioVersion = 17.12.35514.174 d17.12
MinimumVisualStudioVersion = 10.0.40219.1
Project("{FAE04EC0-301F-11D3-BF4B-00C04F79EFBC}") = "C_Sharp_SQL_HW4", "C_Sharp_SQL_HW4\C_Sharp_SQL_HW4.csproj", "{8137E716-55F5-4782-9CB9-A770EFF71F2A}"
EndProject
Project("{FAE04EC0-301F-11D3-BF4B-00C04F79EFBC}") = "C_Sharp_SQL_HW4.Database", "C_Sharp_SQL_HW4.Database\C_Sharp_SQL_HW4.Database.csproj", "{A0B9CB35-078C-4B39-B864-2CDA5C4298F2}"
EndProject
Project("{FAE04EC0-301F-11D3-BF4B-00C04F79EFBC}") = "C_Sharp_SQL_HW4.Domain", "C_Sharp_SQL_HW4.Domain\C_Sharp_SQL_HW4.Domain.csproj", "{CEA2A591-1B53-4B22-9FFC-683F4FCE61FC}"
EndProject
Global
	GlobalSection(SolutionConfigurationPlatforms) = preSolution
		Debug|Any CPU = Debug|Any CPU
		Release|Any CPU = Release|Any CPU
	EndGlobalSection
	GlobalSection(ProjectConfigurationPlatforms) = postSolution
		{8137E716-55F5-4782-9CB9-A770EFF71F2A}.Debug|Any CPU.ActiveCfg = Debug|Any CPU
		{8137E716-55F5-4782-9CB9-A770EFF71F2A}.Debug|Any CPU.Build.0 = Debug|Any CPU
		{8137E716-55F5-4782-9CB9-A770EFF71F2A}.Release|Any CPU.ActiveCfg = Release|Any CPU
		{8137E716-55F5-4782-9CB9-A770EFF71F2A}.Release|Any CPU.Build.0 = Release|Any CPU
		{A0B9CB35-078C-4B39-B864-2CDA5C4298F2}.Debug|Any CPU.ActiveCfg = Debug|Any CPU
		{A0B9CB35-078C-4B39-B864-2CDA5C4298F2}.Debug|Any CPU.Build.0 = Debug|Any CPU
		{A0B9CB35-078C-4B39-B864-2CDA5C4298F2}.Release|Any CPU.ActiveCfg = Release|Any CPU
		{A0B9CB35-078C-4B39-B864-2CDA5C4298F2}.Release|Any CPU.Build.0 = Release|Any CPU
		{CEA2A591-1B53-4B22-9FFC-683F4FCE61FC}.Debug|Any CPU.ActiveCfg = Debug|Any CPU
		{CEA2A591-1B53-4B22-9FFC-683F4FCE61FC}.Debug|Any CPU.Build.0 = Debug|Any CPU
		{CEA2A591-1B53-4B22-9FFC-683F4FCE61FC}.Release|Any CPU.ActiveCfg = Release|Any CPU
		{CEA2A591-1B53-4B22-9FFC-683F4FCE61FC}.Release|Any CPU.Build.0 = Release|Any CPU
	EndGlobalSection
	GlobalSection(SolutionProperties) = preSolution
		HideSolutionNode = FALSE
	EndGlobalSection
EndGlobal
